
Microsoft Visual Studio Solution File, Format Version 12.00
# Visual Studio Version 17
VisualStudioVersion = 17.9.34728.123
MinimumVisualStudioVersion = 10.0.40219.1
Project("{FAE04EC0-301F-11D3-BF4B-00C04F79EFBC}") = "StudentCatalog", "StudentCatalog.csproj", "{24360CFD-9978-46F2-BE5E-A5C19BE4D517}"
EndProject
Global
	GlobalSection(SolutionConfigurationPlatforms) = preSolution
		Debug|Any CPU = Debug|Any CPU
		Release|Any CPU = Release|Any CPU
	EndGlobalSection
	GlobalSection(ProjectConfigurationPlatforms) = postSolution
		{24360CFD-9978-46F2-BE5E-A5C19BE4D517}.Debug|Any CPU.ActiveCfg = Debug|Any CPU
		{24360CFD-9978-46F2-BE5E-A5C19BE4D517}.Debug|Any CPU.Build.0 = Debug|Any CPU
		{24360CFD-9978-46F2-BE5E-A5C19BE4D517}.Release|Any CPU.ActiveCfg = Release|Any CPU
		{24360CFD-9978-46F2-BE5E-A5C19BE4D517}.Release|Any CPU.Build.0 = Release|Any CPU
	EndGlobalSection
	GlobalSection(SolutionProperties) = preSolution
		HideSolutionNode = FALSE
	EndGlobalSection
	GlobalSection(ExtensibilityGlobals) = postSolution
		SolutionGuid = {02A10D93-EC1E-4736-8BE3-AA880923487E}
	EndGlobalSection
EndGlobal
